
Microsoft Visual Studio Solution File, Format Version 12.00
# Visual Studio Version 17
VisualStudioVersion = 17.0.31903.59
MinimumVisualStudioVersion = 10.0.40219.1
Project("{2150E333-8FDC-42A3-9474-1A3956D46DE8}") = "src", "src", "{2A523622-755F-4647-A694-3FD0A6DE6CE7}"
EndProject
Project("{2150E333-8FDC-42A3-9474-1A3956D46DE8}") = "Creational", "Creational", "{246719FC-4AFC-470C-9229-6808F7CBAFD6}"
EndProject
Project("{2150E333-8FDC-42A3-9474-1A3956D46DE8}") = "Singleton", "Singleton", "{89E8AE98-39A7-48A1-950F-AC877F2B9DA7}"
EndProject
Project("{2150E333-8FDC-42A3-9474-1A3956D46DE8}") = "Factory", "Factory", "{9198B922-7DC8-4F53-809A-1ACB872A5424}"
EndProject
Project("{2150E333-8FDC-42A3-9474-1A3956D46DE8}") = "Prototype", "Prototype", "{161F162A-A94C-4979-BF73-D265946CAEFF}"
EndProject
Project("{2150E333-8FDC-42A3-9474-1A3956D46DE8}") = "AbstractFactory", "AbstractFactory", "{0B2FF01E-5629-453F-9FF7-203090FC7891}"
EndProject
Project("{2150E333-8FDC-42A3-9474-1A3956D46DE8}") = "FactoryMethod", "FactoryMethod", "{505E038E-9814-41B5-BEC5-429F83301ACD}"
EndProject
Project("{2150E333-8FDC-42A3-9474-1A3956D46DE8}") = "SimpleFactory", "SimpleFactory", "{47DFEA7C-B792-45AC-BEC2-F22533779DAE}"
EndProject
Project("{FAE04EC0-301F-11D3-BF4B-00C04F79EFBC}") = "Payment.Console", "src\Creational\Factory\AbstractFactory\Payment.Console\Payment.Console.csproj", "{9312AF80-3533-4F35-ACEE-93FB7E8C7813}"
EndProject
Project("{FAE04EC0-301F-11D3-BF4B-00C04F79EFBC}") = "Payment.Console", "src\Creational\Factory\FactoryMethod\Payment.Console\Payment.Console.csproj", "{C03F3422-BD31-4A03-9FF8-07D80D5494FF}"
EndProject
Project("{FAE04EC0-301F-11D3-BF4B-00C04F79EFBC}") = "Payment.Console", "src\Creational\Factory\SimpleFactory\Payment.Console\Payment.Console.csproj", "{34A4B625-06CE-4B0F-BBDE-3F674DBF96E1}"
EndProject
Project("{FAE04EC0-301F-11D3-BF4B-00C04F79EFBC}") = "Example.Console", "src\Creational\Prototype\Example.Console\Example.Console.csproj", "{D4BF1C17-0168-409E-909F-8B9EEFB8F706}"
EndProject
Project("{FAE04EC0-301F-11D3-BF4B-00C04F79EFBC}") = "Example.Console", "src\Creational\Singleton\Example.Console\Example.Console.csproj", "{EA1160F3-4BBD-470C-B883-315931B74348}"
EndProject
Global
	GlobalSection(SolutionConfigurationPlatforms) = preSolution
		Debug|Any CPU = Debug|Any CPU
		Release|Any CPU = Release|Any CPU
	EndGlobalSection
	GlobalSection(ProjectConfigurationPlatforms) = postSolution
		{9312AF80-3533-4F35-ACEE-93FB7E8C7813}.Debug|Any CPU.ActiveCfg = Debug|Any CPU
		{9312AF80-3533-4F35-ACEE-93FB7E8C7813}.Debug|Any CPU.Build.0 = Debug|Any CPU
		{9312AF80-3533-4F35-ACEE-93FB7E8C7813}.Release|Any CPU.ActiveCfg = Release|Any CPU
		{9312AF80-3533-4F35-ACEE-93FB7E8C7813}.Release|Any CPU.Build.0 = Release|Any CPU
		{C03F3422-BD31-4A03-9FF8-07D80D5494FF}.Debug|Any CPU.ActiveCfg = Debug|Any CPU
		{C03F3422-BD31-4A03-9FF8-07D80D5494FF}.Debug|Any CPU.Build.0 = Debug|Any CPU
		{C03F3422-BD31-4A03-9FF8-07D80D5494FF}.Release|Any CPU.ActiveCfg = Release|Any CPU
		{C03F3422-BD31-4A03-9FF8-07D80D5494FF}.Release|Any CPU.Build.0 = Release|Any CPU
		{34A4B625-06CE-4B0F-BBDE-3F674DBF96E1}.Debug|Any CPU.ActiveCfg = Debug|Any CPU
		{34A4B625-06CE-4B0F-BBDE-3F674DBF96E1}.Debug|Any CPU.Build.0 = Debug|Any CPU
		{34A4B625-06CE-4B0F-BBDE-3F674DBF96E1}.Release|Any CPU.ActiveCfg = Release|Any CPU
		{34A4B625-06CE-4B0F-BBDE-3F674DBF96E1}.Release|Any CPU.Build.0 = Release|Any CPU
		{D4BF1C17-0168-409E-909F-8B9EEFB8F706}.Debug|Any CPU.ActiveCfg = Debug|Any CPU
		{D4BF1C17-0168-409E-909F-8B9EEFB8F706}.Debug|Any CPU.Build.0 = Debug|Any CPU
		{D4BF1C17-0168-409E-909F-8B9EEFB8F706}.Release|Any CPU.ActiveCfg = Release|Any CPU
		{D4BF1C17-0168-409E-909F-8B9EEFB8F706}.Release|Any CPU.Build.0 = Release|Any CPU
		{EA1160F3-4BBD-470C-B883-315931B74348}.Debug|Any CPU.ActiveCfg = Debug|Any CPU
		{EA1160F3-4BBD-470C-B883-315931B74348}.Debug|Any CPU.Build.0 = Debug|Any CPU
		{EA1160F3-4BBD-470C-B883-315931B74348}.Release|Any CPU.ActiveCfg = Release|Any CPU
		{EA1160F3-4BBD-470C-B883-315931B74348}.Release|Any CPU.Build.0 = Release|Any CPU
	EndGlobalSection
	GlobalSection(SolutionProperties) = preSolution
		HideSolutionNode = FALSE
	EndGlobalSection
	GlobalSection(NestedProjects) = preSolution
		{246719FC-4AFC-470C-9229-6808F7CBAFD6} = {2A523622-755F-4647-A694-3FD0A6DE6CE7}
		{89E8AE98-39A7-48A1-950F-AC877F2B9DA7} = {246719FC-4AFC-470C-9229-6808F7CBAFD6}
		{9198B922-7DC8-4F53-809A-1ACB872A5424} = {246719FC-4AFC-470C-9229-6808F7CBAFD6}
		{161F162A-A94C-4979-BF73-D265946CAEFF} = {246719FC-4AFC-470C-9229-6808F7CBAFD6}
		{0B2FF01E-5629-453F-9FF7-203090FC7891} = {9198B922-7DC8-4F53-809A-1ACB872A5424}
		{505E038E-9814-41B5-BEC5-429F83301ACD} = {9198B922-7DC8-4F53-809A-1ACB872A5424}
		{47DFEA7C-B792-45AC-BEC2-F22533779DAE} = {9198B922-7DC8-4F53-809A-1ACB872A5424}
		{9312AF80-3533-4F35-ACEE-93FB7E8C7813} = {0B2FF01E-5629-453F-9FF7-203090FC7891}
		{C03F3422-BD31-4A03-9FF8-07D80D5494FF} = {505E038E-9814-41B5-BEC5-429F83301ACD}
		{34A4B625-06CE-4B0F-BBDE-3F674DBF96E1} = {47DFEA7C-B792-45AC-BEC2-F22533779DAE}
		{D4BF1C17-0168-409E-909F-8B9EEFB8F706} = {161F162A-A94C-4979-BF73-D265946CAEFF}
		{EA1160F3-4BBD-470C-B883-315931B74348} = {89E8AE98-39A7-48A1-950F-AC877F2B9DA7}
	EndGlobalSection
	GlobalSection(ExtensibilityGlobals) = postSolution
		SolutionGuid = {8C90B42B-7B0C-4DBC-9FB4-4D9703486BC8}
	EndGlobalSection
EndGlobal
